// !$*UTF8*$!
{
	archiveVersion = 1;
	classes = {
	};
	objectVersion = 46;
	objects = {

/* Begin PBXBuildFile section */
		001F55840FD48DDF0021731E /* AudioToolbox.framework in Frameworks */ = {isa = PBXBuildFile; fileRef = 001F55810FD48DDF0021731E /* AudioToolbox.framework */; };
		001F55850FD48DDF0021731E /* AudioUnit.framework in Frameworks */ = {isa = PBXBuildFile; fileRef = 001F55820FD48DDF0021731E /* AudioUnit.framework */; };
		001F55860FD48DDF0021731E /* CoreAudio.framework in Frameworks */ = {isa = PBXBuildFile; fileRef = 001F55830FD48DDF0021731E /* CoreAudio.framework */; };
		001F55880FD48DE90021731E /* Accelerate.framework in Frameworks */ = {isa = PBXBuildFile; fileRef = 001F55870FD48DE90021731E /* Accelerate.framework */; };
		0091D8F90E81B9330029341E /* OpenGL.framework in Frameworks */ = {isa = PBXBuildFile; fileRef = 0091D8F80E81B9330029341E /* OpenGL.framework */; };
		0097E3E50F3E9819005A4392 /* QuickTime.framework in Frameworks */ = {isa = PBXBuildFile; fileRef = 0097E3E40F3E9819005A4392 /* QuickTime.framework */; };
		00B9955A1B128DF400A5C623 /* IOKit.framework in Frameworks */ = {isa = PBXBuildFile; fileRef = 00B995581B128DF400A5C623 /* IOKit.framework */; };
		00B9955B1B128DF400A5C623 /* IOSurface.framework in Frameworks */ = {isa = PBXBuildFile; fileRef = 00B995591B128DF400A5C623 /* IOSurface.framework */; };
		110DC3D21ABA58EE0028C512 /* AVFoundation.framework in Frameworks */ = {isa = PBXBuildFile; fileRef = 110DC3D11ABA58EE0028C512 /* AVFoundation.framework */; };
		110DC3D41ABA58FB0028C512 /* CoreMedia.framework in Frameworks */ = {isa = PBXBuildFile; fileRef = 110DC3D31ABA58FB0028C512 /* CoreMedia.framework */; };
		5323E6B20EAFCA74003A9687 /* CoreVideo.framework in Frameworks */ = {isa = PBXBuildFile; fileRef = 5323E6B10EAFCA74003A9687 /* CoreVideo.framework */; };
		5323E6B60EAFCA7E003A9687 /* QTKit.framework in Frameworks */ = {isa = PBXBuildFile; fileRef = 5323E6B50EAFCA7E003A9687 /* QTKit.framework */; };
		53E3CDFC0E86099300238D2B /* Carbon.framework in Frameworks */ = {isa = PBXBuildFile; fileRef = 53E3CDFB0E86099300238D2B /* Carbon.framework */; };
		8D11072F0486CEB800E47090 /* Cocoa.framework in Frameworks */ = {isa = PBXBuildFile; fileRef = 1058C7A1FEA54F0111CA2CBB /* Cocoa.framework */; };
		F178D6E21B56509B00F9FDE6 /* simlTexturing.cpp in Sources */ = {isa = PBXBuildFile; fileRef = F178D6E01B56509B00F9FDE6 /* simlTexturing.cpp */; };
		F178D6E81B56542600F9FDE6 /* frag.glsl in Resources */ = {isa = PBXBuildFile; fileRef = F178D6E41B56542600F9FDE6 /* frag.glsl */; };
		F178D6E91B56542600F9FDE6 /* mountainFrag.glsl in Resources */ = {isa = PBXBuildFile; fileRef = F178D6E51B56542600F9FDE6 /* mountainFrag.glsl */; };
		F178D6EA1B56542600F9FDE6 /* passThruVert.glsl in Resources */ = {isa = PBXBuildFile; fileRef = F178D6E61B56542600F9FDE6 /* passThruVert.glsl */; };
		F178D6EB1B56542600F9FDE6 /* seaFrag.glsl in Resources */ = {isa = PBXBuildFile; fileRef = F178D6E71B56542600F9FDE6 /* seaFrag.glsl */; };
		F19A70681B551E36007E0C41 /* cinder_app_icon.ico in Resources */ = {isa = PBXBuildFile; fileRef = F19A70541B551E36007E0C41 /* cinder_app_icon.ico */; };
		F19A70691B551E36007E0C41 /* cinder_logo.png in Resources */ = {isa = PBXBuildFile; fileRef = F19A70551B551E36007E0C41 /* cinder_logo.png */; };
		F19A706A1B551E36007E0C41 /* cinder_logo_alpha.png in Resources */ = {isa = PBXBuildFile; fileRef = F19A70561B551E36007E0C41 /* cinder_logo_alpha.png */; };
		F19A706B1B551E36007E0C41 /* CinderApp.icns in Resources */ = {isa = PBXBuildFile; fileRef = F19A70571B551E36007E0C41 /* CinderApp.icns */; };
		F19A706C1B551E36007E0C41 /* CinderApp_ios.png in Resources */ = {isa = PBXBuildFile; fileRef = F19A70581B551E36007E0C41 /* CinderApp_ios.png */; };
		F19A706D1B551E36007E0C41 /* earth.jpg in Resources */ = {isa = PBXBuildFile; fileRef = F19A70591B551E36007E0C41 /* earth.jpg */; };
		F19A706E1B551E36007E0C41 /* LICENSE in Resources */ = {isa = PBXBuildFile; fileRef = F19A705A1B551E36007E0C41 /* LICENSE */; };
		F19A706F1B551E36007E0C41 /* 8lbs.obj in Resources */ = {isa = PBXBuildFile; fileRef = F19A705C1B551E36007E0C41 /* 8lbs.obj */; };
		F19A70701B551E36007E0C41 /* photo_1.jpg in Resources */ = {isa = PBXBuildFile; fileRef = F19A705D1B551E36007E0C41 /* photo_1.jpg */; };
		F19A70711B551E36007E0C41 /* photo_2.jpg in Resources */ = {isa = PBXBuildFile; fileRef = F19A705E1B551E36007E0C41 /* photo_2.jpg */; };
		F19A70721B551E36007E0C41 /* photo_3.jpg in Resources */ = {isa = PBXBuildFile; fileRef = F19A705F1B551E36007E0C41 /* photo_3.jpg */; };
		F19A70731B551E36007E0C41 /* photo_4.jpg in Resources */ = {isa = PBXBuildFile; fileRef = F19A70601B551E36007E0C41 /* photo_4.jpg */; };
		F19A70741B551E36007E0C41 /* photo_5.jpg in Resources */ = {isa = PBXBuildFile; fileRef = F19A70611B551E36007E0C41 /* photo_5.jpg */; };
		F19A70751B551E36007E0C41 /* photo_6.jpg in Resources */ = {isa = PBXBuildFile; fileRef = F19A70621B551E36007E0C41 /* photo_6.jpg */; };
		F19A70761B551E36007E0C41 /* photo_7.jpg in Resources */ = {isa = PBXBuildFile; fileRef = F19A70631B551E36007E0C41 /* photo_7.jpg */; };
		F19A70771B551E36007E0C41 /* photo_8.jpg in Resources */ = {isa = PBXBuildFile; fileRef = F19A70641B551E36007E0C41 /* photo_8.jpg */; };
		F19A70781B551E36007E0C41 /* rg_grad.png in Resources */ = {isa = PBXBuildFile; fileRef = F19A70651B551E36007E0C41 /* rg_grad.png */; };
		F19A70791B551E36007E0C41 /* DrainMagic.ogg in Resources */ = {isa = PBXBuildFile; fileRef = F19A70671B551E36007E0C41 /* DrainMagic.ogg */; };
/* End PBXBuildFile section */

/* Begin PBXFileReference section */
		001F55810FD48DDF0021731E /* AudioToolbox.framework */ = {isa = PBXFileReference; lastKnownFileType = wrapper.framework; name = AudioToolbox.framework; path = System/Library/Frameworks/AudioToolbox.framework; sourceTree = SDKROOT; };
		001F55820FD48DDF0021731E /* AudioUnit.framework */ = {isa = PBXFileReference; lastKnownFileType = wrapper.framework; name = AudioUnit.framework; path = System/Library/Frameworks/AudioUnit.framework; sourceTree = SDKROOT; };
		001F55830FD48DDF0021731E /* CoreAudio.framework */ = {isa = PBXFileReference; lastKnownFileType = wrapper.framework; name = CoreAudio.framework; path = System/Library/Frameworks/CoreAudio.framework; sourceTree = SDKROOT; };
		001F55870FD48DE90021731E /* Accelerate.framework */ = {isa = PBXFileReference; lastKnownFileType = wrapper.framework; name = Accelerate.framework; path = System/Library/Frameworks/Accelerate.framework; sourceTree = SDKROOT; };
		0091D8F80E81B9330029341E /* OpenGL.framework */ = {isa = PBXFileReference; lastKnownFileType = wrapper.framework; name = OpenGL.framework; path = /System/Library/Frameworks/OpenGL.framework; sourceTree = "<absolute>"; };
		0097E3E40F3E9819005A4392 /* QuickTime.framework */ = {isa = PBXFileReference; lastKnownFileType = wrapper.framework; name = QuickTime.framework; path = /System/Library/Frameworks/QuickTime.framework; sourceTree = "<absolute>"; };
		00B995581B128DF400A5C623 /* IOKit.framework */ = {isa = PBXFileReference; lastKnownFileType = wrapper.framework; name = IOKit.framework; path = System/Library/Frameworks/IOKit.framework; sourceTree = SDKROOT; };
		00B995591B128DF400A5C623 /* IOSurface.framework */ = {isa = PBXFileReference; lastKnownFileType = wrapper.framework; name = IOSurface.framework; path = System/Library/Frameworks/IOSurface.framework; sourceTree = SDKROOT; };
		00CD22B71173CA850051407E /* Resources.h */ = {isa = PBXFileReference; fileEncoding = 4; lastKnownFileType = sourcecode.c.h; name = Resources.h; path = ../include/Resources.h; sourceTree = SOURCE_ROOT; };
		1058C7A1FEA54F0111CA2CBB /* Cocoa.framework */ = {isa = PBXFileReference; lastKnownFileType = wrapper.framework; name = Cocoa.framework; path = /System/Library/Frameworks/Cocoa.framework; sourceTree = "<absolute>"; };
		110DC3D11ABA58EE0028C512 /* AVFoundation.framework */ = {isa = PBXFileReference; lastKnownFileType = wrapper.framework; name = AVFoundation.framework; path = System/Library/Frameworks/AVFoundation.framework; sourceTree = SDKROOT; };
		110DC3D31ABA58FB0028C512 /* CoreMedia.framework */ = {isa = PBXFileReference; lastKnownFileType = wrapper.framework; name = CoreMedia.framework; path = System/Library/Frameworks/CoreMedia.framework; sourceTree = SDKROOT; };
		110DC3D51ABA5F610028C512 /* prefix.pch */ = {isa = PBXFileReference; lastKnownFileType = sourcecode.c.h; path = prefix.pch; sourceTree = "<group>"; };
		13E42FB307B3F0F600E4EEF1 /* CoreData.framework */ = {isa = PBXFileReference; lastKnownFileType = wrapper.framework; name = CoreData.framework; path = /System/Library/Frameworks/CoreData.framework; sourceTree = "<absolute>"; };
		29B97324FDCFA39411CA2CEA /* AppKit.framework */ = {isa = PBXFileReference; lastKnownFileType = wrapper.framework; name = AppKit.framework; path = /System/Library/Frameworks/AppKit.framework; sourceTree = "<absolute>"; };
		29B97325FDCFA39411CA2CEA /* Foundation.framework */ = {isa = PBXFileReference; lastKnownFileType = wrapper.framework; name = Foundation.framework; path = /System/Library/Frameworks/Foundation.framework; sourceTree = "<absolute>"; };
		5323E6B10EAFCA74003A9687 /* CoreVideo.framework */ = {isa = PBXFileReference; lastKnownFileType = wrapper.framework; name = CoreVideo.framework; path = /System/Library/Frameworks/CoreVideo.framework; sourceTree = "<absolute>"; };
		5323E6B50EAFCA7E003A9687 /* QTKit.framework */ = {isa = PBXFileReference; lastKnownFileType = wrapper.framework; name = QTKit.framework; path = /System/Library/Frameworks/QTKit.framework; sourceTree = "<absolute>"; };
		53E3CDFB0E86099300238D2B /* Carbon.framework */ = {isa = PBXFileReference; lastKnownFileType = wrapper.framework; name = Carbon.framework; path = /System/Library/Frameworks/Carbon.framework; sourceTree = "<absolute>"; };
		8D1107310486CEB800E47090 /* Info.plist */ = {isa = PBXFileReference; fileEncoding = 4; lastKnownFileType = text.plist.xml; path = Info.plist; sourceTree = "<group>"; };
		8D1107320486CEB800E47090 /* simlTexturing.app */ = {isa = PBXFileReference; explicitFileType = wrapper.application; includeInIndex = 0; path = simlTexturing.app; sourceTree = BUILT_PRODUCTS_DIR; };
		F178D6E01B56509B00F9FDE6 /* simlTexturing.cpp */ = {isa = PBXFileReference; fileEncoding = 4; lastKnownFileType = sourcecode.cpp.cpp; name = simlTexturing.cpp; path = ../src/simlTexturing.cpp; sourceTree = "<group>"; };
		F178D6E11B56509B00F9FDE6 /* simlTexturing.h */ = {isa = PBXFileReference; fileEncoding = 4; lastKnownFileType = sourcecode.c.h; name = simlTexturing.h; path = ../src/simlTexturing.h; sourceTree = "<group>"; };
		F178D6E41B56542600F9FDE6 /* frag.glsl */ = {isa = PBXFileReference; fileEncoding = 4; lastKnownFileType = text; name = frag.glsl; path = ../assets/frag.glsl; sourceTree = "<group>"; };
		F178D6E51B56542600F9FDE6 /* mountainFrag.glsl */ = {isa = PBXFileReference; fileEncoding = 4; lastKnownFileType = text; name = mountainFrag.glsl; path = ../assets/mountainFrag.glsl; sourceTree = "<group>"; };
		F178D6E61B56542600F9FDE6 /* passThruVert.glsl */ = {isa = PBXFileReference; fileEncoding = 4; lastKnownFileType = text; name = passThruVert.glsl; path = ../assets/passThruVert.glsl; sourceTree = "<group>"; };
		F178D6E71B56542600F9FDE6 /* seaFrag.glsl */ = {isa = PBXFileReference; fileEncoding = 4; lastKnownFileType = text; name = seaFrag.glsl; path = ../assets/seaFrag.glsl; sourceTree = "<group>"; };
		F19A70541B551E36007E0C41 /* cinder_app_icon.ico */ = {isa = PBXFileReference; lastKnownFileType = image.ico; path = cinder_app_icon.ico; sourceTree = "<group>"; };
		F19A70551B551E36007E0C41 /* cinder_logo.png */ = {isa = PBXFileReference; lastKnownFileType = image.png; path = cinder_logo.png; sourceTree = "<group>"; };
		F19A70561B551E36007E0C41 /* cinder_logo_alpha.png */ = {isa = PBXFileReference; lastKnownFileType = image.png; path = cinder_logo_alpha.png; sourceTree = "<group>"; };
		F19A70571B551E36007E0C41 /* CinderApp.icns */ = {isa = PBXFileReference; lastKnownFileType = image.icns; path = CinderApp.icns; sourceTree = "<group>"; };
		F19A70581B551E36007E0C41 /* CinderApp_ios.png */ = {isa = PBXFileReference; lastKnownFileType = image.png; path = CinderApp_ios.png; sourceTree = "<group>"; };
		F19A70591B551E36007E0C41 /* earth.jpg */ = {isa = PBXFileReference; lastKnownFileType = image.jpeg; path = earth.jpg; sourceTree = "<group>"; };
		F19A705A1B551E36007E0C41 /* LICENSE */ = {isa = PBXFileReference; fileEncoding = 4; lastKnownFileType = text; path = LICENSE; sourceTree = "<group>"; };
		F19A705C1B551E36007E0C41 /* 8lbs.obj */ = {isa = PBXFileReference; fileEncoding = 4; lastKnownFileType = text; path = 8lbs.obj; sourceTree = "<group>"; };
		F19A705D1B551E36007E0C41 /* photo_1.jpg */ = {isa = PBXFileReference; lastKnownFileType = image.jpeg; path = photo_1.jpg; sourceTree = "<group>"; };
		F19A705E1B551E36007E0C41 /* photo_2.jpg */ = {isa = PBXFileReference; lastKnownFileType = image.jpeg; path = photo_2.jpg; sourceTree = "<group>"; };
		F19A705F1B551E36007E0C41 /* photo_3.jpg */ = {isa = PBXFileReference; lastKnownFileType = image.jpeg; path = photo_3.jpg; sourceTree = "<group>"; };
		F19A70601B551E36007E0C41 /* photo_4.jpg */ = {isa = PBXFileReference; lastKnownFileType = image.jpeg; path = photo_4.jpg; sourceTree = "<group>"; };
		F19A70611B551E36007E0C41 /* photo_5.jpg */ = {isa = PBXFileReference; lastKnownFileType = image.jpeg; path = photo_5.jpg; sourceTree = "<group>"; };
		F19A70621B551E36007E0C41 /* photo_6.jpg */ = {isa = PBXFileReference; lastKnownFileType = image.jpeg; path = photo_6.jpg; sourceTree = "<group>"; };
		F19A70631B551E36007E0C41 /* photo_7.jpg */ = {isa = PBXFileReference; lastKnownFileType = image.jpeg; path = photo_7.jpg; sourceTree = "<group>"; };
		F19A70641B551E36007E0C41 /* photo_8.jpg */ = {isa = PBXFileReference; lastKnownFileType = image.jpeg; path = photo_8.jpg; sourceTree = "<group>"; };
		F19A70651B551E36007E0C41 /* rg_grad.png */ = {isa = PBXFileReference; lastKnownFileType = image.png; path = rg_grad.png; sourceTree = "<group>"; };
		F19A70671B551E36007E0C41 /* DrainMagic.ogg */ = {isa = PBXFileReference; lastKnownFileType = file; path = DrainMagic.ogg; sourceTree = "<group>"; };
/* End PBXFileReference section */

/* Begin PBXFrameworksBuildPhase section */
		8D11072E0486CEB800E47090 /* Frameworks */ = {
			isa = PBXFrameworksBuildPhase;
			buildActionMask = 2147483647;
			files = (
				110DC3D41ABA58FB0028C512 /* CoreMedia.framework in Frameworks */,
				00B9955B1B128DF400A5C623 /* IOSurface.framework in Frameworks */,
				00B9955A1B128DF400A5C623 /* IOKit.framework in Frameworks */,
				110DC3D21ABA58EE0028C512 /* AVFoundation.framework in Frameworks */,
				8D11072F0486CEB800E47090 /* Cocoa.framework in Frameworks */,
				0091D8F90E81B9330029341E /* OpenGL.framework in Frameworks */,
				53E3CDFC0E86099300238D2B /* Carbon.framework in Frameworks */,
				5323E6B20EAFCA74003A9687 /* CoreVideo.framework in Frameworks */,
				5323E6B60EAFCA7E003A9687 /* QTKit.framework in Frameworks */,
				0097E3E50F3E9819005A4392 /* QuickTime.framework in Frameworks */,
				001F55840FD48DDF0021731E /* AudioToolbox.framework in Frameworks */,
				001F55850FD48DDF0021731E /* AudioUnit.framework in Frameworks */,
				001F55860FD48DDF0021731E /* CoreAudio.framework in Frameworks */,
				001F55880FD48DE90021731E /* Accelerate.framework in Frameworks */,
			);
			runOnlyForDeploymentPostprocessing = 0;
		};
/* End PBXFrameworksBuildPhase section */

/* Begin PBXGroup section */
		00CD22B41173CA790051407E /* Headers */ = {
			isa = PBXGroup;
			children = (
				00CD22B71173CA850051407E /* Resources.h */,
			);
			name = Headers;
			sourceTree = "<group>";
		};
		080E96DDFE201D6D7F000001 /* Source */ = {
			isa = PBXGroup;
			children = (
				F178D6E01B56509B00F9FDE6 /* simlTexturing.cpp */,
				F178D6E11B56509B00F9FDE6 /* simlTexturing.h */,
			);
			name = Source;
			sourceTree = "<group>";
		};
		1058C7A0FEA54F0111CA2CBB /* Linked Frameworks */ = {
			isa = PBXGroup;
			children = (
				001F55870FD48DE90021731E /* Accelerate.framework */,
				001F55810FD48DDF0021731E /* AudioToolbox.framework */,
				001F55820FD48DDF0021731E /* AudioUnit.framework */,
				001F55830FD48DDF0021731E /* CoreAudio.framework */,
				0097E3E40F3E9819005A4392 /* QuickTime.framework */,
				5323E6B50EAFCA7E003A9687 /* QTKit.framework */,
				5323E6B10EAFCA74003A9687 /* CoreVideo.framework */,
				53E3CDFB0E86099300238D2B /* Carbon.framework */,
				0091D8F80E81B9330029341E /* OpenGL.framework */,
				1058C7A1FEA54F0111CA2CBB /* Cocoa.framework */,
			);
			name = "Linked Frameworks";
			sourceTree = "<group>";
		};
		1058C7A2FEA54F0111CA2CBB /* Other Frameworks */ = {
			isa = PBXGroup;
			children = (
				29B97324FDCFA39411CA2CEA /* AppKit.framework */,
				13E42FB307B3F0F600E4EEF1 /* CoreData.framework */,
				29B97325FDCFA39411CA2CEA /* Foundation.framework */,
			);
			name = "Other Frameworks";
			sourceTree = "<group>";
		};
		19C28FACFE9D520D11CA2CBB /* Products */ = {
			isa = PBXGroup;
			children = (
				8D1107320486CEB800E47090 /* simlTexturing.app */,
			);
			name = Products;
			sourceTree = "<group>";
		};
		29B97314FDCFA39411CA2CEA /* VboMesh */ = {
			isa = PBXGroup;
			children = (
				F178D6E31B56540900F9FDE6 /* Assets */,
				00CD22B41173CA790051407E /* Headers */,
				080E96DDFE201D6D7F000001 /* Source */,
				29B97315FDCFA39411CA2CEA /* Other Sources */,
				29B97317FDCFA39411CA2CEA /* Resources */,
				29B97323FDCFA39411CA2CEA /* Frameworks */,
				19C28FACFE9D520D11CA2CBB /* Products */,
			);
			name = VboMesh;
			sourceTree = "<group>";
		};
		29B97315FDCFA39411CA2CEA /* Other Sources */ = {
			isa = PBXGroup;
			children = (
				110DC3D51ABA5F610028C512 /* prefix.pch */,
			);
			name = "Other Sources";
			sourceTree = "<group>";
		};
		29B97317FDCFA39411CA2CEA /* Resources */ = {
			isa = PBXGroup;
			children = (
				F19A70531B551E36007E0C41 /* data */,
				8D1107310486CEB800E47090 /* Info.plist */,
			);
			name = Resources;
			sourceTree = "<group>";
		};
		29B97323FDCFA39411CA2CEA /* Frameworks */ = {
			isa = PBXGroup;
			children = (
				110DC3D31ABA58FB0028C512 /* CoreMedia.framework */,
				00B995581B128DF400A5C623 /* IOKit.framework */,
				00B995591B128DF400A5C623 /* IOSurface.framework */,
				110DC3D11ABA58EE0028C512 /* AVFoundation.framework */,
				1058C7A0FEA54F0111CA2CBB /* Linked Frameworks */,
				1058C7A2FEA54F0111CA2CBB /* Other Frameworks */,
			);
			name = Frameworks;
			sourceTree = "<group>";
		};
		F178D6E31B56540900F9FDE6 /* Assets */ = {
			isa = PBXGroup;
			children = (
				F178D6E61B56542600F9FDE6 /* passThruVert.glsl */,
				F178D6E41B56542600F9FDE6 /* frag.glsl */,
				F178D6E51B56542600F9FDE6 /* mountainFrag.glsl */,
				F178D6E71B56542600F9FDE6 /* seaFrag.glsl */,
			);
			name = Assets;
			sourceTree = "<group>";
		};
		F19A70531B551E36007E0C41 /* data */ = {
			isa = PBXGroup;
			children = (
				F19A70541B551E36007E0C41 /* cinder_app_icon.ico */,
				F19A70551B551E36007E0C41 /* cinder_logo.png */,
				F19A70561B551E36007E0C41 /* cinder_logo_alpha.png */,
				F19A70571B551E36007E0C41 /* CinderApp.icns */,
				F19A70581B551E36007E0C41 /* CinderApp_ios.png */,
				F19A70591B551E36007E0C41 /* earth.jpg */,
				F19A705A1B551E36007E0C41 /* LICENSE */,
				F19A705B1B551E36007E0C41 /* models */,
				F19A705D1B551E36007E0C41 /* photo_1.jpg */,
				F19A705E1B551E36007E0C41 /* photo_2.jpg */,
				F19A705F1B551E36007E0C41 /* photo_3.jpg */,
				F19A70601B551E36007E0C41 /* photo_4.jpg */,
				F19A70611B551E36007E0C41 /* photo_5.jpg */,
				F19A70621B551E36007E0C41 /* photo_6.jpg */,
				F19A70631B551E36007E0C41 /* photo_7.jpg */,
				F19A70641B551E36007E0C41 /* photo_8.jpg */,
				F19A70651B551E36007E0C41 /* rg_grad.png */,
				F19A70661B551E36007E0C41 /* sound */,
			);
			name = data;
			path = ../../data;
			sourceTree = "<group>";
		};
		F19A705B1B551E36007E0C41 /* models */ = {
			isa = PBXGroup;
			children = (
				F19A705C1B551E36007E0C41 /* 8lbs.obj */,
			);
			path = models;
			sourceTree = "<group>";
		};
		F19A70661B551E36007E0C41 /* sound */ = {
			isa = PBXGroup;
			children = (
				F19A70671B551E36007E0C41 /* DrainMagic.ogg */,
			);
			path = sound;
			sourceTree = "<group>";
		};
/* End PBXGroup section */

/* Begin PBXNativeTarget section */
		8D1107260486CEB800E47090 /* simlTexturing */ = {
			isa = PBXNativeTarget;
			buildConfigurationList = C01FCF4A08A954540054247B /* Build configuration list for PBXNativeTarget "simlTexturing" */;
			buildPhases = (
				8D1107290486CEB800E47090 /* Resources */,
				8D11072C0486CEB800E47090 /* Sources */,
				8D11072E0486CEB800E47090 /* Frameworks */,
			);
			buildRules = (
			);
			dependencies = (
			);
			name = simlTexturing;
			productInstallPath = "$(HOME)/Applications";
			productName = VboMesh;
			productReference = 8D1107320486CEB800E47090 /* simlTexturing.app */;
			productType = "com.apple.product-type.application";
		};
/* End PBXNativeTarget section */

/* Begin PBXProject section */
		29B97313FDCFA39411CA2CEA /* Project object */ = {
			isa = PBXProject;
			attributes = {
				LastUpgradeCheck = 0420;
			};
			buildConfigurationList = C01FCF4E08A954540054247B /* Build configuration list for PBXProject "simlTexturing" */;
			compatibilityVersion = "Xcode 3.2";
			developmentRegion = English;
			hasScannedForEncodings = 1;
			knownRegions = (
				en,
			);
			mainGroup = 29B97314FDCFA39411CA2CEA /* VboMesh */;
			projectDirPath = "";
			projectRoot = "";
			targets = (
				8D1107260486CEB800E47090 /* simlTexturing */,
			);
		};
/* End PBXProject section */

/* Begin PBXResourcesBuildPhase section */
		8D1107290486CEB800E47090 /* Resources */ = {
			isa = PBXResourcesBuildPhase;
			buildActionMask = 2147483647;
			files = (
				F19A70681B551E36007E0C41 /* cinder_app_icon.ico in Resources */,
				F19A70691B551E36007E0C41 /* cinder_logo.png in Resources */,
				F19A70721B551E36007E0C41 /* photo_3.jpg in Resources */,
				F178D6E81B56542600F9FDE6 /* frag.glsl in Resources */,
				F19A70761B551E36007E0C41 /* photo_7.jpg in Resources */,
				F19A70731B551E36007E0C41 /* photo_4.jpg in Resources */,
				F178D6EA1B56542600F9FDE6 /* passThruVert.glsl in Resources */,
				F19A706F1B551E36007E0C41 /* 8lbs.obj in Resources */,
				F19A70751B551E36007E0C41 /* photo_6.jpg in Resources */,
				F19A70711B551E36007E0C41 /* photo_2.jpg in Resources */,
				F19A70741B551E36007E0C41 /* photo_5.jpg in Resources */,
				F19A706D1B551E36007E0C41 /* earth.jpg in Resources */,
				F19A706E1B551E36007E0C41 /* LICENSE in Resources */,
				F178D6E91B56542600F9FDE6 /* mountainFrag.glsl in Resources */,
				F19A70771B551E36007E0C41 /* photo_8.jpg in Resources */,
				F19A70791B551E36007E0C41 /* DrainMagic.ogg in Resources */,
				F19A706A1B551E36007E0C41 /* cinder_logo_alpha.png in Resources */,
				F19A70701B551E36007E0C41 /* photo_1.jpg in Resources */,
				F19A70781B551E36007E0C41 /* rg_grad.png in Resources */,
				F178D6EB1B56542600F9FDE6 /* seaFrag.glsl in Resources */,
				F19A706B1B551E36007E0C41 /* CinderApp.icns in Resources */,
				F19A706C1B551E36007E0C41 /* CinderApp_ios.png in Resources */,
			);
			runOnlyForDeploymentPostprocessing = 0;
		};
/* End PBXResourcesBuildPhase section */

/* Begin PBXSourcesBuildPhase section */
		8D11072C0486CEB800E47090 /* Sources */ = {
			isa = PBXSourcesBuildPhase;
			buildActionMask = 2147483647;
			files = (
				F178D6E21B56509B00F9FDE6 /* simlTexturing.cpp in Sources */,
			);
			runOnlyForDeploymentPostprocessing = 0;
		};
/* End PBXSourcesBuildPhase section */

/* Begin XCBuildConfiguration section */
		C01FCF4B08A954540054247B /* Debug */ = {
			isa = XCBuildConfiguration;
			buildSettings = {
				CLANG_CXX_LIBRARY = "libc++";
				COPY_PHASE_STRIP = NO;
				DEBUG_INFORMATION_FORMAT = "dwarf-with-dsym";
				GCC_DYNAMIC_NO_PIC = NO;
				GCC_INLINES_ARE_PRIVATE_EXTERN = YES;
				GCC_OPTIMIZATION_LEVEL = 0;
				GCC_PRECOMPILE_PREFIX_HEADER = YES;
				GCC_PREFIX_HEADER = prefix.pch;
				GCC_SYMBOLS_PRIVATE_EXTERN = NO;
				INFOPLIST_FILE = Info.plist;
				INSTALL_PATH = "$(HOME)/Applications";
				OTHER_LDFLAGS = "$(CINDER_PATH)/lib/libcinder_d.a";
				PRODUCT_NAME = simlTexturing;
				WRAPPER_EXTENSION = app;
			};
			name = Debug;
		};
		C01FCF4C08A954540054247B /* Release */ = {
			isa = XCBuildConfiguration;
			buildSettings = {
				CLANG_CXX_LIBRARY = "libc++";
				DEAD_CODE_STRIPPING = YES;
				DEBUG_INFORMATION_FORMAT = "dwarf-with-dsym";
				GCC_FAST_MATH = YES;
				GCC_INLINES_ARE_PRIVATE_EXTERN = YES;
				GCC_OPTIMIZATION_LEVEL = 3;
				GCC_PRECOMPILE_PREFIX_HEADER = YES;
				GCC_PREFIX_HEADER = prefix.pch;
				GCC_SYMBOLS_PRIVATE_EXTERN = NO;
				INFOPLIST_FILE = Info.plist;
				INSTALL_PATH = "$(HOME)/Applications";
				OTHER_LDFLAGS = "$(CINDER_PATH)/lib/libcinder.a";
				PRODUCT_NAME = simlTexturing;
				WRAPPER_EXTENSION = app;
			};
			name = Release;
		};
		C01FCF4F08A954540054247B /* Debug */ = {
			isa = XCBuildConfiguration;
			buildSettings = {
				ALWAYS_SEARCH_USER_PATHS = NO;
				ARCHS = x86_64;
				CINDER_PATH = ../../..;
				CLANG_CXX_LANGUAGE_STANDARD = "c++14";
				GCC_WARN_ABOUT_RETURN_TYPE = YES;
				GCC_WARN_UNUSED_VARIABLE = YES;
				HEADER_SEARCH_PATHS = (
					"$(CINDER_PATH)/include",
					"$(CINDER_PATH)/boost",
					"$(CINDER_PATH)/blocks/QuickTime/include",
				);
				MACOSX_DEPLOYMENT_TARGET = 10.8;
				SDKROOT = macosx;
				USER_HEADER_SEARCH_PATHS = "$(CINDER_PATH)/include ../include";
			};
			name = Debug;
		};
		C01FCF5008A954540054247B /* Release */ = {
			isa = XCBuildConfiguration;
			buildSettings = {
				ALWAYS_SEARCH_USER_PATHS = NO;
				ARCHS = x86_64;
				CINDER_PATH = ../../..;
				CLANG_CXX_LANGUAGE_STANDARD = "c++14";
				GCC_WARN_ABOUT_RETURN_TYPE = YES;
				GCC_WARN_UNUSED_VARIABLE = YES;
				HEADER_SEARCH_PATHS = (
					"$(CINDER_PATH)/include",
					"$(CINDER_PATH)/boost",
					"$(CINDER_PATH)/blocks/QuickTime/include",
				);
				MACOSX_DEPLOYMENT_TARGET = 10.8;
				SDKROOT = macosx;
				USER_HEADER_SEARCH_PATHS = "$(CINDER_PATH)/include ../include";
			};
			name = Release;
		};
/* End XCBuildConfiguration section */

/* Begin XCConfigurationList section */
		C01FCF4A08A954540054247B /* Build configuration list for PBXNativeTarget "simlTexturing" */ = {
			isa = XCConfigurationList;
			buildConfigurations = (
				C01FCF4B08A954540054247B /* Debug */,
				C01FCF4C08A954540054247B /* Release */,
			);
			defaultConfigurationIsVisible = 0;
			defaultConfigurationName = Release;
		};
		C01FCF4E08A954540054247B /* Build configuration list for PBXProject "simlTexturing" */ = {
			isa = XCConfigurationList;
			buildConfigurations = (
				C01FCF4F08A954540054247B /* Debug */,
				C01FCF5008A954540054247B /* Release */,
			);
			defaultConfigurationIsVisible = 0;
			defaultConfigurationName = Release;
		};
/* End XCConfigurationList section */
	};
	rootObject = 29B97313FDCFA39411CA2CEA /* Project object */;
}
